{
  "name": "test-app",
  "lockfileVersion": 3,
  "requires": true,
  "packages": {
    "": {
      "dependencies": {
        "tauri-plugin-secure-element": "file:../tauri-plugin-secure-element/guest-js"
      }
    },
    "../tauri-plugin-secure-element/guest-js": {
      "name": "tauri-plugin-secure-element",
      "version": "0.1.0",
      "devDependencies": {
        "@tauri-apps/api": "^2.0.0",
        "typescript": "^5.0.0"
      },
      "peerDependencies": {
        "@tauri-apps/api": "^2.0.0"
      }
    },
    "node_modules/tauri-plugin-secure-element": {
      "resolved": "../tauri-plugin-secure-element/guest-js",
      "link": true
    }
  }
}
